
Microsoft Visual Studio Solution File, Format Version 12.00
# Visual Studio Version 16
VisualStudioVersion = 16.0.31005.135
MinimumVisualStudioVersion = 10.0.40219.1
Project("{FAE04EC0-301F-11D3-BF4B-00C04F79EFBC}") = "Agencia de Viajes (PF_PDM_ITSN601)", "Agencia de Viajes (PF_PDM_ITSN601).csproj", "{ADAC99AD-20C5-499E-9623-0530A61DEC5E}"
EndProject
Global
	GlobalSection(SolutionConfigurationPlatforms) = preSolution
		Debug|Any CPU = Debug|Any CPU
		Release|Any CPU = Release|Any CPU
	EndGlobalSection
	GlobalSection(ProjectConfigurationPlatforms) = postSolution
		{ADAC99AD-20C5-499E-9623-0530A61DEC5E}.Debug|Any CPU.ActiveCfg = Debug|Any CPU
		{ADAC99AD-20C5-499E-9623-0530A61DEC5E}.Debug|Any CPU.Build.0 = Debug|Any CPU
		{ADAC99AD-20C5-499E-9623-0530A61DEC5E}.Debug|Any CPU.Deploy.0 = Debug|Any CPU
		{ADAC99AD-20C5-499E-9623-0530A61DEC5E}.Release|Any CPU.ActiveCfg = Release|Any CPU
		{ADAC99AD-20C5-499E-9623-0530A61DEC5E}.Release|Any CPU.Build.0 = Release|Any CPU
		{ADAC99AD-20C5-499E-9623-0530A61DEC5E}.Release|Any CPU.Deploy.0 = Release|Any CPU
	EndGlobalSection
	GlobalSection(SolutionProperties) = preSolution
		HideSolutionNode = FALSE
	EndGlobalSection
	GlobalSection(ExtensibilityGlobals) = postSolution
		SolutionGuid = {ADC8D9E7-751C-4E34-B191-F3D26E248A71}
	EndGlobalSection
EndGlobal
